// !$*UTF8*$!
{
	archiveVersion = 1;
	classes = {
	};
	objectVersion = 46;
	objects = {

/* Begin PBXBuildFile section */
		DA823ECA1F2594FF00FD5531 /* main.m in Sources */ = {isa = PBXBuildFile; fileRef = DA823EC91F2594FF00FD5531 /* main.m */; };
		DA823ECD1F2594FF00FD5531 /* AppDelegate.m in Sources */ = {isa = PBXBuildFile; fileRef = DA823ECC1F2594FF00FD5531 /* AppDelegate.m */; };
		DA823ED01F2594FF00FD5531 /* ViewController.m in Sources */ = {isa = PBXBuildFile; fileRef = DA823ECF1F2594FF00FD5531 /* ViewController.m */; };
		DA823ED31F2594FF00FD5531 /* Main.storyboard in Resources */ = {isa = PBXBuildFile; fileRef = DA823ED11F2594FF00FD5531 /* Main.storyboard */; };
		DA823ED61F2594FF00FD5531 /* textBtn.xcdatamodeld in Sources */ = {isa = PBXBuildFile; fileRef = DA823ED41F2594FF00FD5531 /* textBtn.xcdatamodeld */; };
		DA823ED81F2594FF00FD5531 /* Assets.xcassets in Resources */ = {isa = PBXBuildFile; fileRef = DA823ED71F2594FF00FD5531 /* Assets.xcassets */; };
		DA823EDB1F2594FF00FD5531 /* LaunchScreen.storyboard in Resources */ = {isa = PBXBuildFile; fileRef = DA823ED91F2594FF00FD5531 /* LaunchScreen.storyboard */; };
		DA823EE61F2594FF00FD5531 /* textBtnTests.m in Sources */ = {isa = PBXBuildFile; fileRef = DA823EE51F2594FF00FD5531 /* textBtnTests.m */; };
		DA823EF11F2594FF00FD5531 /* textBtnUITests.m in Sources */ = {isa = PBXBuildFile; fileRef = DA823EF01F2594FF00FD5531 /* textBtnUITests.m */; };
/* End PBXBuildFile section */

/* Begin PBXContainerItemProxy section */
		DA823EE21F2594FF00FD5531 /* PBXContainerItemProxy */ = {
			isa = PBXContainerItemProxy;
			containerPortal = DA823EBD1F2594FF00FD5531 /* Project object */;
			proxyType = 1;
			remoteGlobalIDString = DA823EC41F2594FF00FD5531;
			remoteInfo = textBtn;
		};
		DA823EED1F2594FF00FD5531 /* PBXContainerItemProxy */ = {
			isa = PBXContainerItemProxy;
			containerPortal = DA823EBD1F2594FF00FD5531 /* Project object */;
			proxyType = 1;
			remoteGlobalIDString = DA823EC41F2594FF00FD5531;
			remoteInfo = textBtn;
		};
/* End PBXContainerItemProxy section */

/* Begin PBXFileReference section */
		DA823EC51F2594FF00FD5531 /* textBtn.app */ = {isa = PBXFileReference; explicitFileType = wrapper.application; includeInIndex = 0; path = textBtn.app; sourceTree = BUILT_PRODUCTS_DIR; };
		DA823EC91F2594FF00FD5531 /* main.m */ = {isa = PBXFileReference; lastKnownFileType = sourcecode.c.objc; path = main.m; sourceTree = "<group>"; };
		DA823ECB1F2594FF00FD5531 /* AppDelegate.h */ = {isa = PBXFileReference; lastKnownFileType = sourcecode.c.h; path = AppDelegate.h; sourceTree = "<group>"; };
		DA823ECC1F2594FF00FD5531 /* AppDelegate.m */ = {isa = PBXFileReference; lastKnownFileType = sourcecode.c.objc; path = AppDelegate.m; sourceTree = "<group>"; };
		DA823ECE1F2594FF00FD5531 /* ViewController.h */ = {isa = PBXFileReference; lastKnownFileType = sourcecode.c.h; path = ViewController.h; sourceTree = "<group>"; };
		DA823ECF1F2594FF00FD5531 /* ViewController.m */ = {isa = PBXFileReference; lastKnownFileType = sourcecode.c.objc; path = ViewController.m; sourceTree = "<group>"; };
		DA823ED21F2594FF00FD5531 /* Base */ = {isa = PBXFileReference; lastKnownFileType = file.storyboard; name = Base; path = Base.lproj/Main.storyboard; sourceTree = "<group>"; };
		DA823ED51F2594FF00FD5531 /* textBtn.xcdatamodel */ = {isa = PBXFileReference; lastKnownFileType = wrapper.xcdatamodel; path = textBtn.xcdatamodel; sourceTree = "<group>"; };
		DA823ED71F2594FF00FD5531 /* Assets.xcassets */ = {isa = PBXFileReference; lastKnownFileType = folder.assetcatalog; path = Assets.xcassets; sourceTree = "<group>"; };
		DA823EDA1F2594FF00FD5531 /* Base */ = {isa = PBXFileReference; lastKnownFileType = file.storyboard; name = Base; path = Base.lproj/LaunchScreen.storyboard; sourceTree = "<group>"; };
		DA823EDC1F2594FF00FD5531 /* Info.plist */ = {isa = PBXFileReference; lastKnownFileType = text.plist.xml; path = Info.plist; sourceTree = "<group>"; };
		DA823EE11F2594FF00FD5531 /* textBtnTests.xctest */ = {isa = PBXFileReference; explicitFileType = wrapper.cfbundle; includeInIndex = 0; path = textBtnTests.xctest; sourceTree = BUILT_PRODUCTS_DIR; };
		DA823EE51F2594FF00FD5531 /* textBtnTests.m */ = {isa = PBXFileReference; lastKnownFileType = sourcecode.c.objc; path = textBtnTests.m; sourceTree = "<group>"; };
		DA823EE71F2594FF00FD5531 /* Info.plist */ = {isa = PBXFileReference; lastKnownFileType = text.plist.xml; path = Info.plist; sourceTree = "<group>"; };
		DA823EEC1F2594FF00FD5531 /* textBtnUITests.xctest */ = {isa = PBXFileReference; explicitFileType = wrapper.cfbundle; includeInIndex = 0; path = textBtnUITests.xctest; sourceTree = BUILT_PRODUCTS_DIR; };
		DA823EF01F2594FF00FD5531 /* textBtnUITests.m */ = {isa = PBXFileReference; lastKnownFileType = sourcecode.c.objc; path = textBtnUITests.m; sourceTree = "<group>"; };
		DA823EF21F2594FF00FD5531 /* Info.plist */ = {isa = PBXFileReference; lastKnownFileType = text.plist.xml; path = Info.plist; sourceTree = "<group>"; };
/* End PBXFileReference section */

/* Begin PBXFrameworksBuildPhase section */
		DA823EC21F2594FF00FD5531 /* Frameworks */ = {
			isa = PBXFrameworksBuildPhase;
			buildActionMask = 2147483647;
			files = (
			);
			runOnlyForDeploymentPostprocessing = 0;
		};
		DA823EDE1F2594FF00FD5531 /* Frameworks */ = {
			isa = PBXFrameworksBuildPhase;
			buildActionMask = 2147483647;
			files = (
			);
			runOnlyForDeploymentPostprocessing = 0;
		};
		DA823EE91F2594FF00FD5531 /* Frameworks */ = {
			isa = PBXFrameworksBuildPhase;
			buildActionMask = 2147483647;
			files = (
			);
			runOnlyForDeploymentPostprocessing = 0;
		};
/* End PBXFrameworksBuildPhase section */

/* Begin PBXGroup section */
		DA823EBC1F2594FF00FD5531 = {
			isa = PBXGroup;
			children = (
				DA823EC71F2594FF00FD5531 /* textBtn */,
				DA823EE41F2594FF00FD5531 /* textBtnTests */,
				DA823EEF1F2594FF00FD5531 /* textBtnUITests */,
				DA823EC61F2594FF00FD5531 /* Products */,
			);
			sourceTree = "<group>";
		};
		DA823EC61F2594FF00FD5531 /* Products */ = {
			isa = PBXGroup;
			children = (
				DA823EC51F2594FF00FD5531 /* textBtn.app */,
				DA823EE11F2594FF00FD5531 /* textBtnTests.xctest */,
				DA823EEC1F2594FF00FD5531 /* textBtnUITests.xctest */,
			);
			name = Products;
			sourceTree = "<group>";
		};
		DA823EC71F2594FF00FD5531 /* textBtn */ = {
			isa = PBXGroup;
			children = (
				DA823ECB1F2594FF00FD5531 /* AppDelegate.h */,
				DA823ECC1F2594FF00FD5531 /* AppDelegate.m */,
				DA823ECE1F2594FF00FD5531 /* ViewController.h */,
				DA823ECF1F2594FF00FD5531 /* ViewController.m */,
				DA823ED11F2594FF00FD5531 /* Main.storyboard */,
				DA823ED71F2594FF00FD5531 /* Assets.xcassets */,
				DA823ED91F2594FF00FD5531 /* LaunchScreen.storyboard */,
				DA823EDC1F2594FF00FD5531 /* Info.plist */,
				DA823ED41F2594FF00FD5531 /* textBtn.xcdatamodeld */,
				DA823EC81F2594FF00FD5531 /* Supporting Files */,
			);
			path = textBtn;
			sourceTree = "<group>";
		};
		DA823EC81F2594FF00FD5531 /* Supporting Files */ = {
			isa = PBXGroup;
			children = (
				DA823EC91F2594FF00FD5531 /* main.m */,
			);
			name = "Supporting Files";
			sourceTree = "<group>";
		};
		DA823EE41F2594FF00FD5531 /* textBtnTests */ = {
			isa = PBXGroup;
			children = (
				DA823EE51F2594FF00FD5531 /* textBtnTests.m */,
				DA823EE71F2594FF00FD5531 /* Info.plist */,
			);
			path = textBtnTests;
			sourceTree = "<group>";
		};
		DA823EEF1F2594FF00FD5531 /* textBtnUITests */ = {
			isa = PBXGroup;
			children = (
				DA823EF01F2594FF00FD5531 /* textBtnUITests.m */,
				DA823EF21F2594FF00FD5531 /* Info.plist */,
			);
			path = textBtnUITests;
			sourceTree = "<group>";
		};
/* End PBXGroup section */

/* Begin PBXNativeTarget section */
		DA823EC41F2594FF00FD5531 /* textBtn */ = {
			isa = PBXNativeTarget;
			buildConfigurationList = DA823EF51F2594FF00FD5531 /* Build configuration list for PBXNativeTarget "textBtn" */;
			buildPhases = (
				DA823EC11F2594FF00FD5531 /* Sources */,
				DA823EC21F2594FF00FD5531 /* Frameworks */,
				DA823EC31F2594FF00FD5531 /* Resources */,
			);
			buildRules = (
			);
			dependencies = (
			);
			name = textBtn;
			productName = textBtn;
			productReference = DA823EC51F2594FF00FD5531 /* textBtn.app */;
			productType = "com.apple.product-type.application";
		};
		DA823EE01F2594FF00FD5531 /* textBtnTests */ = {
			isa = PBXNativeTarget;
			buildConfigurationList = DA823EF81F2594FF00FD5531 /* Build configuration list for PBXNativeTarget "textBtnTests" */;
			buildPhases = (
				DA823EDD1F2594FF00FD5531 /* Sources */,
				DA823EDE1F2594FF00FD5531 /* Frameworks */,
				DA823EDF1F2594FF00FD5531 /* Resources */,
			);
			buildRules = (
			);
			dependencies = (
				DA823EE31F2594FF00FD5531 /* PBXTargetDependency */,
			);
			name = textBtnTests;
			productName = textBtnTests;
			productReference = DA823EE11F2594FF00FD5531 /* textBtnTests.xctest */;
			productType = "com.apple.product-type.bundle.unit-test";
		};
		DA823EEB1F2594FF00FD5531 /* textBtnUITests */ = {
			isa = PBXNativeTarget;
			buildConfigurationList = DA823EFB1F2594FF00FD5531 /* Build configuration list for PBXNativeTarget "textBtnUITests" */;
			buildPhases = (
				DA823EE81F2594FF00FD5531 /* Sources */,
				DA823EE91F2594FF00FD5531 /* Frameworks */,
				DA823EEA1F2594FF00FD5531 /* Resources */,
			);
			buildRules = (
			);
			dependencies = (
				DA823EEE1F2594FF00FD5531 /* PBXTargetDependency */,
			);
			name = textBtnUITests;
			productName = textBtnUITests;
			productReference = DA823EEC1F2594FF00FD5531 /* textBtnUITests.xctest */;
			productType = "com.apple.product-type.bundle.ui-testing";
		};
/* End PBXNativeTarget section */

/* Begin PBXProject section */
		DA823EBD1F2594FF00FD5531 /* Project object */ = {
			isa = PBXProject;
			attributes = {
				LastUpgradeCheck = 0830;
				ORGANIZATIONNAME = Paul;
				TargetAttributes = {
					DA823EC41F2594FF00FD5531 = {
						CreatedOnToolsVersion = 8.3.1;
						DevelopmentTeam = 84ZP6N6749;
						ProvisioningStyle = Manual;
					};
					DA823EE01F2594FF00FD5531 = {
						CreatedOnToolsVersion = 8.3.1;
						DevelopmentTeam = QM6HGHPCA7;
						ProvisioningStyle = Automatic;
						TestTargetID = DA823EC41F2594FF00FD5531;
					};
					DA823EEB1F2594FF00FD5531 = {
						CreatedOnToolsVersion = 8.3.1;
						DevelopmentTeam = QM6HGHPCA7;
						ProvisioningStyle = Automatic;
						TestTargetID = DA823EC41F2594FF00FD5531;
					};
				};
			};
			buildConfigurationList = DA823EC01F2594FF00FD5531 /* Build configuration list for PBXProject "textBtn" */;
			compatibilityVersion = "Xcode 3.2";
			developmentRegion = English;
			hasScannedForEncodings = 0;
			knownRegions = (
				en,
				Base,
			);
			mainGroup = DA823EBC1F2594FF00FD5531;
			productRefGroup = DA823EC61F2594FF00FD5531 /* Products */;
			projectDirPath = "";
			projectRoot = "";
			targets = (
				DA823EC41F2594FF00FD5531 /* textBtn */,
				DA823EE01F2594FF00FD5531 /* textBtnTests */,
				DA823EEB1F2594FF00FD5531 /* textBtnUITests */,
			);
		};
/* End PBXProject section */

/* Begin PBXResourcesBuildPhase section */
		DA823EC31F2594FF00FD5531 /* Resources */ = {
			isa = PBXResourcesBuildPhase;
			buildActionMask = 2147483647;
			files = (
				DA823EDB1F2594FF00FD5531 /* LaunchScreen.storyboard in Resources */,
				DA823ED81F2594FF00FD5531 /* Assets.xcassets in Resources */,
				DA823ED31F2594FF00FD5531 /* Main.storyboard in Resources */,
			);
			runOnlyForDeploymentPostprocessing = 0;
		};
		DA823EDF1F2594FF00FD5531 /* Resources */ = {
			isa = PBXResourcesBuildPhase;
			buildActionMask = 2147483647;
			files = (
			);
			runOnlyForDeploymentPostprocessing = 0;
		};
		DA823EEA1F2594FF00FD5531 /* Resources */ = {
			isa = PBXResourcesBuildPhase;
			buildActionMask = 2147483647;
			files = (
			);
			runOnlyForDeploymentPostprocessing = 0;
		};
/* End PBXResourcesBuildPhase section */

/* Begin PBXSourcesBuildPhase section */
		DA823EC11F2594FF00FD5531 /* Sources */ = {
			isa = PBXSourcesBuildPhase;
			buildActionMask = 2147483647;
			files = (
				DA823ED01F2594FF00FD5531 /* ViewController.m in Sources */,
				DA823ED61F2594FF00FD5531 /* textBtn.xcdatamodeld in Sources */,
				DA823ECD1F2594FF00FD5531 /* AppDelegate.m in Sources */,
				DA823ECA1F2594FF00FD5531 /* main.m in Sources */,
			);
			runOnlyForDeploymentPostprocessing = 0;
		};
		DA823EDD1F2594FF00FD5531 /* Sources */ = {
			isa = PBXSourcesBuildPhase;
			buildActionMask = 2147483647;
			files = (
				DA823EE61F2594FF00FD5531 /* textBtnTests.m in Sources */,
			);
			runOnlyForDeploymentPostprocessing = 0;
		};
		DA823EE81F2594FF00FD5531 /* Sources */ = {
			isa = PBXSourcesBuildPhase;
			buildActionMask = 2147483647;
			files = (
				DA823EF11F2594FF00FD5531 /* textBtnUITests.m in Sources */,
			);
			runOnlyForDeploymentPostprocessing = 0;
		};
/* End PBXSourcesBuildPhase section */

/* Begin PBXTargetDependency section */
		DA823EE31F2594FF00FD5531 /* PBXTargetDependency */ = {
			isa = PBXTargetDependency;
			target = DA823EC41F2594FF00FD5531 /* textBtn */;
			targetProxy = DA823EE21F2594FF00FD5531 /* PBXContainerItemProxy */;
		};
		DA823EEE1F2594FF00FD5531 /* PBXTargetDependency */ = {
			isa = PBXTargetDependency;
			target = DA823EC41F2594FF00FD5531 /* textBtn */;
			targetProxy = DA823EED1F2594FF00FD5531 /* PBXContainerItemProxy */;
		};
/* End PBXTargetDependency section */

/* Begin PBXVariantGroup section */
		DA823ED11F2594FF00FD5531 /* Main.storyboard */ = {
			isa = PBXVariantGroup;
			children = (
				DA823ED21F2594FF00FD5531 /* Base */,
			);
			name = Main.storyboard;
			sourceTree = "<group>";
		};
		DA823ED91F2594FF00FD5531 /* LaunchScreen.storyboard */ = {
			isa = PBXVariantGroup;
			children = (
				DA823EDA1F2594FF00FD5531 /* Base */,
			);
			name = LaunchScreen.storyboard;
			sourceTree = "<group>";
		};
/* End PBXVariantGroup section */

/* Begin XCBuildConfiguration section */
		DA823EF31F2594FF00FD5531 /* Debug */ = {
			isa = XCBuildConfiguration;
			buildSettings = {
				ALWAYS_SEARCH_USER_PATHS = NO;
				CLANG_ANALYZER_NONNULL = YES;
				CLANG_ANALYZER_NUMBER_OBJECT_CONVERSION = YES_AGGRESSIVE;
				CLANG_CXX_LANGUAGE_STANDARD = "gnu++0x";
				CLANG_CXX_LIBRARY = "libc++";
				CLANG_ENABLE_MODULES = YES;
				CLANG_ENABLE_OBJC_ARC = YES;
				CLANG_WARN_BOOL_CONVERSION = YES;
				CLANG_WARN_CONSTANT_CONVERSION = YES;
				CLANG_WARN_DIRECT_OBJC_ISA_USAGE = YES_ERROR;
				CLANG_WARN_DOCUMENTATION_COMMENTS = YES;
				CLANG_WARN_EMPTY_BODY = YES;
				CLANG_WARN_ENUM_CONVERSION = YES;
				CLANG_WARN_INFINITE_RECURSION = YES;
				CLANG_WARN_INT_CONVERSION = YES;
				CLANG_WARN_OBJC_ROOT_CLASS = YES_ERROR;
				CLANG_WARN_SUSPICIOUS_MOVE = YES;
				CLANG_WARN_UNREACHABLE_CODE = YES;
				CLANG_WARN__DUPLICATE_METHOD_MATCH = YES;
				"CODE_SIGN_IDENTITY[sdk=iphoneos*]" = "iPhone Developer";
				COPY_PHASE_STRIP = NO;
				DEBUG_INFORMATION_FORMAT = dwarf;
				ENABLE_STRICT_OBJC_MSGSEND = YES;
				ENABLE_TESTABILITY = YES;
				GCC_C_LANGUAGE_STANDARD = gnu99;
				GCC_DYNAMIC_NO_PIC = NO;
				GCC_NO_COMMON_BLOCKS = YES;
				GCC_OPTIMIZATION_LEVEL = 0;
				GCC_PREPROCESSOR_DEFINITIONS = (
					"DEBUG=1",
					"$(inherited)",
				);
				GCC_WARN_64_TO_32_BIT_CONVERSION = YES;
				GCC_WARN_ABOUT_RETURN_TYPE = YES_ERROR;
				GCC_WARN_UNDECLARED_SELECTOR = YES;
				GCC_WARN_UNINITIALIZED_AUTOS = YES_AGGRESSIVE;
				GCC_WARN_UNUSED_FUNCTION = YES;
				GCC_WARN_UNUSED_VARIABLE = YES;
				IPHONEOS_DEPLOYMENT_TARGET = 10.3;
				MTL_ENABLE_DEBUG_INFO = YES;
				ONLY_ACTIVE_ARCH = YES;
				SDKROOT = iphoneos;
			};
			name = Debug;
		};
		DA823EF41F2594FF00FD5531 /* Release */ = {
			isa = XCBuildConfiguration;
			buildSettings = {
				ALWAYS_SEARCH_USER_PATHS = NO;
				CLANG_ANALYZER_NONNULL = YES;
				CLANG_ANALYZER_NUMBER_OBJECT_CONVERSION = YES_AGGRESSIVE;
				CLANG_CXX_LANGUAGE_STANDARD = "gnu++0x";
				CLANG_CXX_LIBRARY = "libc++";
				CLANG_ENABLE_MODULES = YES;
				CLANG_ENABLE_OBJC_ARC = YES;
				CLANG_WARN_BOOL_CONVERSION = YES;
				CLANG_WARN_CONSTANT_CONVERSION = YES;
				CLANG_WARN_DIRECT_OBJC_ISA_USAGE = YES_ERROR;
				CLANG_WARN_DOCUMENTATION_COMMENTS = YES;
				CLANG_WARN_EMPTY_BODY = YES;
				CLANG_WARN_ENUM_CONVERSION = YES;
				CLANG_WARN_INFINITE_RECURSION = YES;
				CLANG_WARN_INT_CONVERSION = YES;
				CLANG_WARN_OBJC_ROOT_CLASS = YES_ERROR;
				CLANG_WARN_SUSPICIOUS_MOVE = YES;
				CLANG_WARN_UNREACHABLE_CODE = YES;
				CLANG_WARN__DUPLICATE_METHOD_MATCH = YES;
				"CODE_SIGN_IDENTITY[sdk=iphoneos*]" = "iPhone Developer";
				COPY_PHASE_STRIP = NO;
				DEBUG_INFORMATION_FORMAT = "dwarf-with-dsym";
				ENABLE_NS_ASSERTIONS = NO;
				ENABLE_STRICT_OBJC_MSGSEND = YES;
				GCC_C_LANGUAGE_STANDARD = gnu99;
				GCC_NO_COMMON_BLOCKS = YES;
				GCC_WARN_64_TO_32_BIT_CONVERSION = YES;
				GCC_WARN_ABOUT_RETURN_TYPE = YES_ERROR;
				GCC_WARN_UNDECLARED_SELECTOR = YES;
				GCC_WARN_UNINITIALIZED_AUTOS = YES_AGGRESSIVE;
				GCC_WARN_UNUSED_FUNCTION = YES;
				GCC_WARN_UNUSED_VARIABLE = YES;
				IPHONEOS_DEPLOYMENT_TARGET = 10.3;
				MTL_ENABLE_DEBUG_INFO = NO;
				SDKROOT = iphoneos;
				VALIDATE_PRODUCT = YES;
			};
			name = Release;
		};
		DA823EF61F2594FF00FD5531 /* Debug */ = {
			isa = XCBuildConfiguration;
			buildSettings = {
				ASSETCATALOG_COMPILER_APPICON_NAME = AppIcon;
				DEVELOPMENT_TEAM = 84ZP6N6749;
				INFOPLIST_FILE = textBtn/Info.plist;
				IPHONEOS_DEPLOYMENT_TARGET = 9.0;
				LD_RUNPATH_SEARCH_PATHS = "$(inherited) @executable_path/Frameworks";
				PRODUCT_BUNDLE_IDENTIFIER = com.qutouwang.textBtn;
				PRODUCT_NAME = "$(TARGET_NAME)";
				PROVISIONING_PROFILE = "61f77139-c3bc-445a-97b6-57ec03080ebd";
				PROVISIONING_PROFILE_SPECIFIER = any_id_ios_dev_qiyi;
			};
			name = Debug;
		};
		DA823EF71F2594FF00FD5531 /* Release */ = {
			isa = XCBuildConfiguration;
			buildSettings = {
				ASSETCATALOG_COMPILER_APPICON_NAME = AppIcon;
				DEVELOPMENT_TEAM = "";
				INFOPLIST_FILE = textBtn/Info.plist;
				IPHONEOS_DEPLOYMENT_TARGET = 9.0;
				LD_RUNPATH_SEARCH_PATHS = "$(inherited) @executable_path/Frameworks";
				PRODUCT_BUNDLE_IDENTIFIER = com.qutouwang.textBtn;
				PRODUCT_NAME = "$(TARGET_NAME)";
			};
			name = Release;
		};
		DA823EF91F2594FF00FD5531 /* Debug */ = {
			isa = XCBuildConfiguration;
			buildSettings = {
				BUNDLE_LOADER = "$(TEST_HOST)";
				DEVELOPMENT_TEAM = QM6HGHPCA7;
				INFOPLIST_FILE = textBtnTests/Info.plist;
				LD_RUNPATH_SEARCH_PATHS = "$(inherited) @executable_path/Frameworks @loader_path/Frameworks";
				PRODUCT_BUNDLE_IDENTIFIER = com.qutouwang.textBtnTests;
				PRODUCT_NAME = "$(TARGET_NAME)";
				TEST_HOST = "$(BUILT_PRODUCTS_DIR)/textBtn.app/textBtn";
			};
			name = Debug;
		};
		DA823EFA1F2594FF00FD5531 /* Release */ = {
			isa = XCBuildConfiguration;
			buildSettings = {
				BUNDLE_LOADER = "$(TEST_HOST)";
				DEVELOPMENT_TEAM = QM6HGHPCA7;
				INFOPLIST_FILE = textBtnTests/Info.plist;
				LD_RUNPATH_SEARCH_PATHS = "$(inherited) @executable_path/Frameworks @loader_path/Frameworks";
				PRODUCT_BUNDLE_IDENTIFIER = com.qutouwang.textBtnTests;
				PRODUCT_NAME = "$(TARGET_NAME)";
				TEST_HOST = "$(BUILT_PRODUCTS_DIR)/textBtn.app/textBtn";
			};
			name = Release;
		};
		DA823EFC1F2594FF00FD5531 /* Debug */ = {
			isa = XCBuildConfiguration;
			buildSettings = {
				DEVELOPMENT_TEAM = QM6HGHPCA7;
				INFOPLIST_FILE = textBtnUITests/Info.plist;
				LD_RUNPATH_SEARCH_PATHS = "$(inherited) @executable_path/Frameworks @loader_path/Frameworks";
				PRODUCT_BUNDLE_IDENTIFIER = com.qutouwang.textBtnUITests;
				PRODUCT_NAME = "$(TARGET_NAME)";
				TEST_TARGET_NAME = textBtn;
			};
			name = Debug;
		};
		DA823EFD1F2594FF00FD5531 /* Release */ = {
			isa = XCBuildConfiguration;
			buildSettings = {
				DEVELOPMENT_TEAM = QM6HGHPCA7;
				INFOPLIST_FILE = textBtnUITests/Info.plist;
				LD_RUNPATH_SEARCH_PATHS = "$(inherited) @executable_path/Frameworks @loader_path/Frameworks";
				PRODUCT_BUNDLE_IDENTIFIER = com.qutouwang.textBtnUITests;
				PRODUCT_NAME = "$(TARGET_NAME)";
				TEST_TARGET_NAME = textBtn;
			};
			name = Release;
		};
/* End XCBuildConfiguration section */

/* Begin XCConfigurationList section */
		DA823EC01F2594FF00FD5531 /* Build configuration list for PBXProject "textBtn" */ = {
			isa = XCConfigurationList;
			buildConfigurations = (
				DA823EF31F2594FF00FD5531 /* Debug */,
				DA823EF41F2594FF00FD5531 /* Release */,
			);
			defaultConfigurationIsVisible = 0;
			defaultConfigurationName = Release;
		};
		DA823EF51F2594FF00FD5531 /* Build configuration list for PBXNativeTarget "textBtn" */ = {
			isa = XCConfigurationList;
			buildConfigurations = (
				DA823EF61F2594FF00FD5531 /* Debug */,
				DA823EF71F2594FF00FD5531 /* Release */,
			);
			defaultConfigurationIsVisible = 0;
			defaultConfigurationName = Release;
		};
		DA823EF81F2594FF00FD5531 /* Build configuration list for PBXNativeTarget "textBtnTests" */ = {
			isa = XCConfigurationList;
			buildConfigurations = (
				DA823EF91F2594FF00FD5531 /* Debug */,
				DA823EFA1F2594FF00FD5531 /* Release */,
			);
			defaultConfigurationIsVisible = 0;
			defaultConfigurationName = Release;
		};
		DA823EFB1F2594FF00FD5531 /* Build configuration list for PBXNativeTarget "textBtnUITests" */ = {
			isa = XCConfigurationList;
			buildConfigurations = (
				DA823EFC1F2594FF00FD5531 /* Debug */,
				DA823EFD1F2594FF00FD5531 /* Release */,
			);
			defaultConfigurationIsVisible = 0;
			defaultConfigurationName = Release;
		};
/* End XCConfigurationList section */

/* Begin XCVersionGroup section */
		DA823ED41F2594FF00FD5531 /* textBtn.xcdatamodeld */ = {
			isa = XCVersionGroup;
			children = (
				DA823ED51F2594FF00FD5531 /* textBtn.xcdatamodel */,
			);
			currentVersion = DA823ED51F2594FF00FD5531 /* textBtn.xcdatamodel */;
			path = textBtn.xcdatamodeld;
			sourceTree = "<group>";
			versionGroupType = wrapper.xcdatamodel;
		};
/* End XCVersionGroup section */
	};
	rootObject = DA823EBD1F2594FF00FD5531 /* Project object */;
}
